// !$*UTF8*$!
{
	archiveVersion = 1;
	classes = {
	};
	objectVersion = 46;
	objects = {

/* Begin PBXBuildFile section */
		30E618451F26724C0016D26F /* MapKit.framework in Frameworks */ = {isa = PBXBuildFile; fileRef = 30E618441F26724C0016D26F /* MapKit.framework */; };
		30E6184E1F26EDA90016D26F /* QuakeCell.m in Sources */ = {isa = PBXBuildFile; fileRef = 30E6184D1F26EDA90016D26F /* QuakeCell.m */; };
		EDDAFD991F27BC3000B953FD /* APICallerPlaceImage.m in Sources */ = {isa = PBXBuildFile; fileRef = EDDAFD981F27BC3000B953FD /* APICallerPlaceImage.m */; };
		EDE887281F25687400634B07 /* main.m in Sources */ = {isa = PBXBuildFile; fileRef = EDE887271F25687400634B07 /* main.m */; };
		EDE8872B1F25687500634B07 /* AppDelegate.m in Sources */ = {isa = PBXBuildFile; fileRef = EDE8872A1F25687500634B07 /* AppDelegate.m */; };
		EDE8872E1F25687500634B07 /* Earthquaker.xcdatamodeld in Sources */ = {isa = PBXBuildFile; fileRef = EDE8872C1F25687500634B07 /* Earthquaker.xcdatamodeld */; };
		EDE887311F25687500634B07 /* MasterViewController.m in Sources */ = {isa = PBXBuildFile; fileRef = EDE887301F25687500634B07 /* MasterViewController.m */; };
		EDE887341F25687500634B07 /* DetailViewController.m in Sources */ = {isa = PBXBuildFile; fileRef = EDE887331F25687500634B07 /* DetailViewController.m */; };
		EDE887371F25687500634B07 /* Main.storyboard in Resources */ = {isa = PBXBuildFile; fileRef = EDE887351F25687500634B07 /* Main.storyboard */; };
		EDE887391F25687500634B07 /* Assets.xcassets in Resources */ = {isa = PBXBuildFile; fileRef = EDE887381F25687500634B07 /* Assets.xcassets */; };
		EDE8873C1F25687500634B07 /* LaunchScreen.storyboard in Resources */ = {isa = PBXBuildFile; fileRef = EDE8873A1F25687500634B07 /* LaunchScreen.storyboard */; };
		EDE8874D1F2583AC00634B07 /* Quake+CoreDataClass.m in Sources */ = {isa = PBXBuildFile; fileRef = EDE8874A1F2583AC00634B07 /* Quake+CoreDataClass.m */; };
		EDE8874E1F2583AC00634B07 /* Quake+CoreDataProperties.m in Sources */ = {isa = PBXBuildFile; fileRef = EDE8874C1F2583AC00634B07 /* Quake+CoreDataProperties.m */; };
		EDE9F2581F283DEF0011917B /* EarthQuakeDataDownloader.m in Sources */ = {isa = PBXBuildFile; fileRef = EDE9F2571F283DEF0011917B /* EarthQuakeDataDownloader.m */; };
		EDE9F25B1F283E9F0011917B /* EarthQuakeDataSet.m in Sources */ = {isa = PBXBuildFile; fileRef = EDE9F25A1F283E9F0011917B /* EarthQuakeDataSet.m */; };
		EDE9F25E1F2842630011917B /* DataDownloader.m in Sources */ = {isa = PBXBuildFile; fileRef = EDE9F25D1F2842630011917B /* DataDownloader.m */; };
		EDE9F2A41F2A74A00011917B /* photoViewController.m in Sources */ = {isa = PBXBuildFile; fileRef = EDE9F2A31F2A74A00011917B /* photoViewController.m */; };
/* End PBXBuildFile section */

/* Begin PBXFileReference section */
		30E618441F26724C0016D26F /* MapKit.framework */ = {isa = PBXFileReference; lastKnownFileType = wrapper.framework; name = MapKit.framework; path = System/Library/Frameworks/MapKit.framework; sourceTree = SDKROOT; };
		30E6184C1F26EDA90016D26F /* QuakeCell.h */ = {isa = PBXFileReference; fileEncoding = 4; lastKnownFileType = sourcecode.c.h; path = QuakeCell.h; sourceTree = "<group>"; };
		30E6184D1F26EDA90016D26F /* QuakeCell.m */ = {isa = PBXFileReference; fileEncoding = 4; lastKnownFileType = sourcecode.c.objc; path = QuakeCell.m; sourceTree = "<group>"; };
		EDDAFD971F27BC3000B953FD /* APICallerPlaceImage.h */ = {isa = PBXFileReference; fileEncoding = 4; lastKnownFileType = sourcecode.c.h; path = APICallerPlaceImage.h; sourceTree = "<group>"; };
		EDDAFD981F27BC3000B953FD /* APICallerPlaceImage.m */ = {isa = PBXFileReference; fileEncoding = 4; lastKnownFileType = sourcecode.c.objc; path = APICallerPlaceImage.m; sourceTree = "<group>"; };
		EDE887231F25687400634B07 /* Earthquaker.app */ = {isa = PBXFileReference; explicitFileType = wrapper.application; includeInIndex = 0; path = Earthquaker.app; sourceTree = BUILT_PRODUCTS_DIR; };
		EDE887271F25687400634B07 /* main.m */ = {isa = PBXFileReference; lastKnownFileType = sourcecode.c.objc; path = main.m; sourceTree = "<group>"; };
		EDE887291F25687400634B07 /* AppDelegate.h */ = {isa = PBXFileReference; lastKnownFileType = sourcecode.c.h; path = AppDelegate.h; sourceTree = "<group>"; };
		EDE8872A1F25687500634B07 /* AppDelegate.m */ = {isa = PBXFileReference; lastKnownFileType = sourcecode.c.objc; path = AppDelegate.m; sourceTree = "<group>"; };
		EDE8872D1F25687500634B07 /* Earthquaker.xcdatamodel */ = {isa = PBXFileReference; lastKnownFileType = wrapper.xcdatamodel; path = Earthquaker.xcdatamodel; sourceTree = "<group>"; };
		EDE8872F1F25687500634B07 /* MasterViewController.h */ = {isa = PBXFileReference; lastKnownFileType = sourcecode.c.h; path = MasterViewController.h; sourceTree = "<group>"; };
		EDE887301F25687500634B07 /* MasterViewController.m */ = {isa = PBXFileReference; lastKnownFileType = sourcecode.c.objc; path = MasterViewController.m; sourceTree = "<group>"; };
		EDE887321F25687500634B07 /* DetailViewController.h */ = {isa = PBXFileReference; lastKnownFileType = sourcecode.c.h; path = DetailViewController.h; sourceTree = "<group>"; };
		EDE887331F25687500634B07 /* DetailViewController.m */ = {isa = PBXFileReference; lastKnownFileType = sourcecode.c.objc; path = DetailViewController.m; sourceTree = "<group>"; };
		EDE887361F25687500634B07 /* Base */ = {isa = PBXFileReference; lastKnownFileType = file.storyboard; name = Base; path = Base.lproj/Main.storyboard; sourceTree = "<group>"; };
		EDE887381F25687500634B07 /* Assets.xcassets */ = {isa = PBXFileReference; lastKnownFileType = folder.assetcatalog; path = Assets.xcassets; sourceTree = "<group>"; };
		EDE8873B1F25687500634B07 /* Base */ = {isa = PBXFileReference; lastKnownFileType = file.storyboard; name = Base; path = Base.lproj/LaunchScreen.storyboard; sourceTree = "<group>"; };
		EDE8873D1F25687500634B07 /* Info.plist */ = {isa = PBXFileReference; lastKnownFileType = text.plist.xml; path = Info.plist; sourceTree = "<group>"; };
		EDE887491F2583AC00634B07 /* Quake+CoreDataClass.h */ = {isa = PBXFileReference; fileEncoding = 4; lastKnownFileType = sourcecode.c.h; name = "Quake+CoreDataClass.h"; path = "../Quake+CoreDataClass.h"; sourceTree = "<group>"; };
		EDE8874A1F2583AC00634B07 /* Quake+CoreDataClass.m */ = {isa = PBXFileReference; fileEncoding = 4; lastKnownFileType = sourcecode.c.objc; name = "Quake+CoreDataClass.m"; path = "../Quake+CoreDataClass.m"; sourceTree = "<group>"; };
		EDE8874B1F2583AC00634B07 /* Quake+CoreDataProperties.h */ = {isa = PBXFileReference; fileEncoding = 4; lastKnownFileType = sourcecode.c.h; name = "Quake+CoreDataProperties.h"; path = "../Quake+CoreDataProperties.h"; sourceTree = "<group>"; };
		EDE8874C1F2583AC00634B07 /* Quake+CoreDataProperties.m */ = {isa = PBXFileReference; fileEncoding = 4; lastKnownFileType = sourcecode.c.objc; name = "Quake+CoreDataProperties.m"; path = "../Quake+CoreDataProperties.m"; sourceTree = "<group>"; };
		EDE9F2561F283DEF0011917B /* EarthQuakeDataDownloader.h */ = {isa = PBXFileReference; fileEncoding = 4; lastKnownFileType = sourcecode.c.h; path = EarthQuakeDataDownloader.h; sourceTree = "<group>"; };
		EDE9F2571F283DEF0011917B /* EarthQuakeDataDownloader.m */ = {isa = PBXFileReference; fileEncoding = 4; lastKnownFileType = sourcecode.c.objc; path = EarthQuakeDataDownloader.m; sourceTree = "<group>"; };
		EDE9F2591F283E9F0011917B /* EarthQuakeDataSet.h */ = {isa = PBXFileReference; fileEncoding = 4; lastKnownFileType = sourcecode.c.h; path = EarthQuakeDataSet.h; sourceTree = "<group>"; };
		EDE9F25A1F283E9F0011917B /* EarthQuakeDataSet.m */ = {isa = PBXFileReference; fileEncoding = 4; lastKnownFileType = sourcecode.c.objc; path = EarthQuakeDataSet.m; sourceTree = "<group>"; };
		EDE9F25C1F2842630011917B /* DataDownloader.h */ = {isa = PBXFileReference; fileEncoding = 4; lastKnownFileType = sourcecode.c.h; path = DataDownloader.h; sourceTree = "<group>"; };
		EDE9F25D1F2842630011917B /* DataDownloader.m */ = {isa = PBXFileReference; fileEncoding = 4; lastKnownFileType = sourcecode.c.objc; path = DataDownloader.m; sourceTree = "<group>"; };
		EDE9F2601F28CB6B0011917B /* APIKeys.h */ = {isa = PBXFileReference; lastKnownFileType = sourcecode.c.h; path = APIKeys.h; sourceTree = "<group>"; };
		EDE9F2A21F2A74A00011917B /* photoViewController.h */ = {isa = PBXFileReference; fileEncoding = 4; lastKnownFileType = sourcecode.c.h; path = photoViewController.h; sourceTree = "<group>"; };
		EDE9F2A31F2A74A00011917B /* photoViewController.m */ = {isa = PBXFileReference; fileEncoding = 4; lastKnownFileType = sourcecode.c.objc; path = photoViewController.m; sourceTree = "<group>"; };
/* End PBXFileReference section */

/* Begin PBXFrameworksBuildPhase section */
		EDE887201F25687400634B07 /* Frameworks */ = {
			isa = PBXFrameworksBuildPhase;
			buildActionMask = 2147483647;
			files = (
				30E618451F26724C0016D26F /* MapKit.framework in Frameworks */,
			);
			runOnlyForDeploymentPostprocessing = 0;
		};
/* End PBXFrameworksBuildPhase section */

/* Begin PBXGroup section */
		30690EE11F29688300530C2C /* Model */ = {
			isa = PBXGroup;
			children = (
				EDE887291F25687400634B07 /* AppDelegate.h */,
				EDE8872A1F25687500634B07 /* AppDelegate.m */,
				EDE9F2601F28CB6B0011917B /* APIKeys.h */,
				EDDAFD971F27BC3000B953FD /* APICallerPlaceImage.h */,
				EDDAFD981F27BC3000B953FD /* APICallerPlaceImage.m */,
				30690EE41F296A3600530C2C /* CoreData */,
				EDE9F25F1F2842B40011917B /* EarthQuakeDataDownloader */,
			);
			name = Model;
			sourceTree = "<group>";
		};
		30690EE21F29689600530C2C /* View */ = {
			isa = PBXGroup;
			children = (
				EDE887351F25687500634B07 /* Main.storyboard */,
				30E6184C1F26EDA90016D26F /* QuakeCell.h */,
				30E6184D1F26EDA90016D26F /* QuakeCell.m */,
			);
			name = View;
			sourceTree = "<group>";
		};
		30690EE31F2968A600530C2C /* Controller */ = {
			isa = PBXGroup;
			children = (
				EDE887321F25687500634B07 /* DetailViewController.h */,
				EDE887331F25687500634B07 /* DetailViewController.m */,
				EDE8872F1F25687500634B07 /* MasterViewController.h */,
				EDE887301F25687500634B07 /* MasterViewController.m */,
				EDE9F2A21F2A74A00011917B /* photoViewController.h */,
				EDE9F2A31F2A74A00011917B /* photoViewController.m */,
			);
			name = Controller;
			sourceTree = "<group>";
		};
		30690EE41F296A3600530C2C /* CoreData */ = {
			isa = PBXGroup;
			children = (
				EDE887491F2583AC00634B07 /* Quake+CoreDataClass.h */,
				EDE8874A1F2583AC00634B07 /* Quake+CoreDataClass.m */,
				EDE8874B1F2583AC00634B07 /* Quake+CoreDataProperties.h */,
				EDE8874C1F2583AC00634B07 /* Quake+CoreDataProperties.m */,
				EDE8872C1F25687500634B07 /* Earthquaker.xcdatamodeld */,
			);
			name = CoreData;
			sourceTree = "<group>";
		};
		30E618431F26724B0016D26F /* Frameworks */ = {
			isa = PBXGroup;
			children = (
				30E618441F26724C0016D26F /* MapKit.framework */,
			);
			name = Frameworks;
			sourceTree = "<group>";
		};
		EDE8871A1F25687400634B07 = {
			isa = PBXGroup;
			children = (
				EDE887251F25687400634B07 /* Earthquaker */,
				EDE887241F25687400634B07 /* Products */,
				30E618431F26724B0016D26F /* Frameworks */,
			);
			sourceTree = "<group>";
		};
		EDE887241F25687400634B07 /* Products */ = {
			isa = PBXGroup;
			children = (
				EDE887231F25687400634B07 /* Earthquaker.app */,
			);
			name = Products;
			sourceTree = "<group>";
		};
		EDE887251F25687400634B07 /* Earthquaker */ = {
			isa = PBXGroup;
			children = (
				30690EE21F29689600530C2C /* View */,
				30690EE31F2968A600530C2C /* Controller */,
				30690EE11F29688300530C2C /* Model */,
				EDE887381F25687500634B07 /* Assets.xcassets */,
				EDE8873A1F25687500634B07 /* LaunchScreen.storyboard */,
				EDE8873D1F25687500634B07 /* Info.plist */,
				EDE887261F25687400634B07 /* Supporting Files */,
			);
			path = Earthquaker;
			sourceTree = "<group>";
		};
		EDE887261F25687400634B07 /* Supporting Files */ = {
			isa = PBXGroup;
			children = (
				EDE887271F25687400634B07 /* main.m */,
			);
			name = "Supporting Files";
			sourceTree = "<group>";
		};
		EDE9F25F1F2842B40011917B /* EarthQuakeDataDownloader */ = {
			isa = PBXGroup;
			children = (
				EDE9F2561F283DEF0011917B /* EarthQuakeDataDownloader.h */,
				EDE9F2571F283DEF0011917B /* EarthQuakeDataDownloader.m */,
				EDE9F2591F283E9F0011917B /* EarthQuakeDataSet.h */,
				EDE9F25A1F283E9F0011917B /* EarthQuakeDataSet.m */,
				EDE9F25C1F2842630011917B /* DataDownloader.h */,
				EDE9F25D1F2842630011917B /* DataDownloader.m */,
			);
			name = EarthQuakeDataDownloader;
			sourceTree = "<group>";
		};
/* End PBXGroup section */

/* Begin PBXNativeTarget section */
		EDE887221F25687400634B07 /* Earthquaker */ = {
			isa = PBXNativeTarget;
			buildConfigurationList = EDE887401F25687500634B07 /* Build configuration list for PBXNativeTarget "Earthquaker" */;
			buildPhases = (
				EDE8871F1F25687400634B07 /* Sources */,
				EDE887201F25687400634B07 /* Frameworks */,
				EDE887211F25687400634B07 /* Resources */,
			);
			buildRules = (
			);
			dependencies = (
			);
			name = Earthquaker;
			productName = Earthquaker;
			productReference = EDE887231F25687400634B07 /* Earthquaker.app */;
			productType = "com.apple.product-type.application";
		};
/* End PBXNativeTarget section */

/* Begin PBXProject section */
		EDE8871B1F25687400634B07 /* Project object */ = {
			isa = PBXProject;
			attributes = {
				LastUpgradeCheck = 0830;
				ORGANIZATIONNAME = Shreve.ca;
				TargetAttributes = {
					EDE887221F25687400634B07 = {
						CreatedOnToolsVersion = 8.3.3;
						DevelopmentTeam = 294FN9LFDB;
						ProvisioningStyle = Automatic;
					};
				};
			};
			buildConfigurationList = EDE8871E1F25687400634B07 /* Build configuration list for PBXProject "Earthquaker" */;
			compatibilityVersion = "Xcode 3.2";
			developmentRegion = English;
			hasScannedForEncodings = 0;
			knownRegions = (
				en,
				Base,
			);
			mainGroup = EDE8871A1F25687400634B07;
			productRefGroup = EDE887241F25687400634B07 /* Products */;
			projectDirPath = "";
			projectRoot = "";
			targets = (
				EDE887221F25687400634B07 /* Earthquaker */,
			);
		};
/* End PBXProject section */

/* Begin PBXResourcesBuildPhase section */
		EDE887211F25687400634B07 /* Resources */ = {
			isa = PBXResourcesBuildPhase;
			buildActionMask = 2147483647;
			files = (
				EDE8873C1F25687500634B07 /* LaunchScreen.storyboard in Resources */,
				EDE887391F25687500634B07 /* Assets.xcassets in Resources */,
				EDE887371F25687500634B07 /* Main.storyboard in Resources */,
			);
			runOnlyForDeploymentPostprocessing = 0;
		};
/* End PBXResourcesBuildPhase section */

/* Begin PBXSourcesBuildPhase section */
		EDE8871F1F25687400634B07 /* Sources */ = {
			isa = PBXSourcesBuildPhase;
			buildActionMask = 2147483647;
			files = (
				EDE9F25E1F2842630011917B /* DataDownloader.m in Sources */,
				EDE8874E1F2583AC00634B07 /* Quake+CoreDataProperties.m in Sources */,
				EDE887341F25687500634B07 /* DetailViewController.m in Sources */,
				EDE9F2A41F2A74A00011917B /* photoViewController.m in Sources */,
				EDE887311F25687500634B07 /* MasterViewController.m in Sources */,
				EDDAFD991F27BC3000B953FD /* APICallerPlaceImage.m in Sources */,
				EDE8872E1F25687500634B07 /* Earthquaker.xcdatamodeld in Sources */,
				EDE8874D1F2583AC00634B07 /* Quake+CoreDataClass.m in Sources */,
				30E6184E1F26EDA90016D26F /* QuakeCell.m in Sources */,
				EDE8872B1F25687500634B07 /* AppDelegate.m in Sources */,
				EDE9F25B1F283E9F0011917B /* EarthQuakeDataSet.m in Sources */,
				EDE9F2581F283DEF0011917B /* EarthQuakeDataDownloader.m in Sources */,
				EDE887281F25687400634B07 /* main.m in Sources */,
			);
			runOnlyForDeploymentPostprocessing = 0;
		};
/* End PBXSourcesBuildPhase section */

/* Begin PBXVariantGroup section */
		EDE887351F25687500634B07 /* Main.storyboard */ = {
			isa = PBXVariantGroup;
			children = (
				EDE887361F25687500634B07 /* Base */,
			);
			name = Main.storyboard;
			sourceTree = "<group>";
		};
		EDE8873A1F25687500634B07 /* LaunchScreen.storyboard */ = {
			isa = PBXVariantGroup;
			children = (
				EDE8873B1F25687500634B07 /* Base */,
			);
			name = LaunchScreen.storyboard;
			sourceTree = "<group>";
		};
/* End PBXVariantGroup section */

/* Begin XCBuildConfiguration section */
		EDE8873E1F25687500634B07 /* Debug */ = {
			isa = XCBuildConfiguration;
			buildSettings = {
				ALWAYS_SEARCH_USER_PATHS = NO;
				CLANG_ANALYZER_NONNULL = YES;
				CLANG_ANALYZER_NUMBER_OBJECT_CONVERSION = YES_AGGRESSIVE;
				CLANG_CXX_LANGUAGE_STANDARD = "gnu++0x";
				CLANG_CXX_LIBRARY = "libc++";
				CLANG_ENABLE_MODULES = YES;
				CLANG_ENABLE_OBJC_ARC = YES;
				CLANG_WARN_BOOL_CONVERSION = YES;
				CLANG_WARN_CONSTANT_CONVERSION = YES;
				CLANG_WARN_DIRECT_OBJC_ISA_USAGE = YES_ERROR;
				CLANG_WARN_DOCUMENTATION_COMMENTS = YES;
				CLANG_WARN_EMPTY_BODY = YES;
				CLANG_WARN_ENUM_CONVERSION = YES;
				CLANG_WARN_INFINITE_RECURSION = YES;
				CLANG_WARN_INT_CONVERSION = YES;
				CLANG_WARN_OBJC_ROOT_CLASS = YES_ERROR;
				CLANG_WARN_SUSPICIOUS_MOVE = YES;
				CLANG_WARN_UNREACHABLE_CODE = YES;
				CLANG_WARN__DUPLICATE_METHOD_MATCH = YES;
				"CODE_SIGN_IDENTITY[sdk=iphoneos*]" = "iPhone Developer";
				COPY_PHASE_STRIP = NO;
				DEBUG_INFORMATION_FORMAT = dwarf;
				ENABLE_STRICT_OBJC_MSGSEND = YES;
				ENABLE_TESTABILITY = YES;
				GCC_C_LANGUAGE_STANDARD = gnu99;
				GCC_DYNAMIC_NO_PIC = NO;
				GCC_NO_COMMON_BLOCKS = YES;
				GCC_OPTIMIZATION_LEVEL = 0;
				GCC_PREPROCESSOR_DEFINITIONS = (
					"DEBUG=1",
					"$(inherited)",
				);
				GCC_WARN_64_TO_32_BIT_CONVERSION = YES;
				GCC_WARN_ABOUT_RETURN_TYPE = YES_ERROR;
				GCC_WARN_UNDECLARED_SELECTOR = YES;
				GCC_WARN_UNINITIALIZED_AUTOS = YES_AGGRESSIVE;
				GCC_WARN_UNUSED_FUNCTION = YES;
				GCC_WARN_UNUSED_VARIABLE = YES;
				IPHONEOS_DEPLOYMENT_TARGET = 10.3;
				MTL_ENABLE_DEBUG_INFO = YES;
				ONLY_ACTIVE_ARCH = YES;
				SDKROOT = iphoneos;
				TARGETED_DEVICE_FAMILY = "1,2";
			};
			name = Debug;
		};
		EDE8873F1F25687500634B07 /* Release */ = {
			isa = XCBuildConfiguration;
			buildSettings = {
				ALWAYS_SEARCH_USER_PATHS = NO;
				CLANG_ANALYZER_NONNULL = YES;
				CLANG_ANALYZER_NUMBER_OBJECT_CONVERSION = YES_AGGRESSIVE;
				CLANG_CXX_LANGUAGE_STANDARD = "gnu++0x";
				CLANG_CXX_LIBRARY = "libc++";
				CLANG_ENABLE_MODULES = YES;
				CLANG_ENABLE_OBJC_ARC = YES;
				CLANG_WARN_BOOL_CONVERSION = YES;
				CLANG_WARN_CONSTANT_CONVERSION = YES;
				CLANG_WARN_DIRECT_OBJC_ISA_USAGE = YES_ERROR;
				CLANG_WARN_DOCUMENTATION_COMMENTS = YES;
				CLANG_WARN_EMPTY_BODY = YES;
				CLANG_WARN_ENUM_CONVERSION = YES;
				CLANG_WARN_INFINITE_RECURSION = YES;
				CLANG_WARN_INT_CONVERSION = YES;
				CLANG_WARN_OBJC_ROOT_CLASS = YES_ERROR;
				CLANG_WARN_SUSPICIOUS_MOVE = YES;
				CLANG_WARN_UNREACHABLE_CODE = YES;
				CLANG_WARN__DUPLICATE_METHOD_MATCH = YES;
				"CODE_SIGN_IDENTITY[sdk=iphoneos*]" = "iPhone Developer";
				COPY_PHASE_STRIP = NO;
				DEBUG_INFORMATION_FORMAT = "dwarf-with-dsym";
				ENABLE_NS_ASSERTIONS = NO;
				ENABLE_STRICT_OBJC_MSGSEND = YES;
				GCC_C_LANGUAGE_STANDARD = gnu99;
				GCC_NO_COMMON_BLOCKS = YES;
				GCC_WARN_64_TO_32_BIT_CONVERSION = YES;
				GCC_WARN_ABOUT_RETURN_TYPE = YES_ERROR;
				GCC_WARN_UNDECLARED_SELECTOR = YES;
				GCC_WARN_UNINITIALIZED_AUTOS = YES_AGGRESSIVE;
				GCC_WARN_UNUSED_FUNCTION = YES;
				GCC_WARN_UNUSED_VARIABLE = YES;
				IPHONEOS_DEPLOYMENT_TARGET = 10.3;
				MTL_ENABLE_DEBUG_INFO = NO;
				SDKROOT = iphoneos;
				TARGETED_DEVICE_FAMILY = "1,2";
				VALIDATE_PRODUCT = YES;
			};
			name = Release;
		};
		EDE887411F25687500634B07 /* Debug */ = {
			isa = XCBuildConfiguration;
			buildSettings = {
				ASSETCATALOG_COMPILER_APPICON_NAME = AppIcon;
				DEVELOPMENT_TEAM = 294FN9LFDB;
				INFOPLIST_FILE = Earthquaker/Info.plist;
				LD_RUNPATH_SEARCH_PATHS = "$(inherited) @executable_path/Frameworks";
				PRODUCT_BUNDLE_IDENTIFIER = ca.shreve.Earthquaker;
				PRODUCT_NAME = "$(TARGET_NAME)";
			};
			name = Debug;
		};
		EDE887421F25687500634B07 /* Release */ = {
			isa = XCBuildConfiguration;
			buildSettings = {
				ASSETCATALOG_COMPILER_APPICON_NAME = AppIcon;
				DEVELOPMENT_TEAM = 294FN9LFDB;
				INFOPLIST_FILE = Earthquaker/Info.plist;
				LD_RUNPATH_SEARCH_PATHS = "$(inherited) @executable_path/Frameworks";
				PRODUCT_BUNDLE_IDENTIFIER = ca.shreve.Earthquaker;
				PRODUCT_NAME = "$(TARGET_NAME)";
			};
			name = Release;
		};
/* End XCBuildConfiguration section */

/* Begin XCConfigurationList section */
		EDE8871E1F25687400634B07 /* Build configuration list for PBXProject "Earthquaker" */ = {
			isa = XCConfigurationList;
			buildConfigurations = (
				EDE8873E1F25687500634B07 /* Debug */,
				EDE8873F1F25687500634B07 /* Release */,
			);
			defaultConfigurationIsVisible = 0;
			defaultConfigurationName = Release;
		};
		EDE887401F25687500634B07 /* Build configuration list for PBXNativeTarget "Earthquaker" */ = {
			isa = XCConfigurationList;
			buildConfigurations = (
				EDE887411F25687500634B07 /* Debug */,
				EDE887421F25687500634B07 /* Release */,
			);
			defaultConfigurationIsVisible = 0;
			defaultConfigurationName = Release;
		};
/* End XCConfigurationList section */

/* Begin XCVersionGroup section */
		EDE8872C1F25687500634B07 /* Earthquaker.xcdatamodeld */ = {
			isa = XCVersionGroup;
			children = (
				EDE8872D1F25687500634B07 /* Earthquaker.xcdatamodel */,
			);
			currentVersion = EDE8872D1F25687500634B07 /* Earthquaker.xcdatamodel */;
			path = Earthquaker.xcdatamodeld;
			sourceTree = "<group>";
			versionGroupType = wrapper.xcdatamodel;
		};
/* End XCVersionGroup section */
	};
	rootObject = EDE8871B1F25687400634B07 /* Project object */;
}
